// !$*UTF8*$!
{
	archiveVersion = 1;
	classes = {
	};
	objectVersion = 46;
	objects = {

/* Begin PBXBuildFile section */
		F6BBF1901E5CD2A80060C186 /* AppDelegate.swift in Sources */ = {isa = PBXBuildFile; fileRef = F6BBF18F1E5CD2A80060C186 /* AppDelegate.swift */; };
		F6BBF19A1E5CD2A80060C186 /* Main.storyboard in Resources */ = {isa = PBXBuildFile; fileRef = F6BBF1981E5CD2A80060C186 /* Main.storyboard */; };
		F6BBF19C1E5CD2A80060C186 /* Assets.xcassets in Resources */ = {isa = PBXBuildFile; fileRef = F6BBF19B1E5CD2A80060C186 /* Assets.xcassets */; };
		F6BBF19F1E5CD2A80060C186 /* LaunchScreen.storyboard in Resources */ = {isa = PBXBuildFile; fileRef = F6BBF19D1E5CD2A80060C186 /* LaunchScreen.storyboard */; };
		F6BBF1B81E5CD5F90060C186 /* WeatherService.swift in Sources */ = {isa = PBXBuildFile; fileRef = F6BBF1B71E5CD5F90060C186 /* WeatherService.swift */; };
		F6BBF1BA1E5CE1F70060C186 /* WeatherViewController.swift in Sources */ = {isa = PBXBuildFile; fileRef = F6BBF1B91E5CE1F70060C186 /* WeatherViewController.swift */; };
		F6D4A6741E5CEF360059514E /* WindData.swift in Sources */ = {isa = PBXBuildFile; fileRef = F6D4A6731E5CEF360059514E /* WindData.swift */; };
		F6D4A6761E5D6A890059514E /* City.swift in Sources */ = {isa = PBXBuildFile; fileRef = F6D4A6751E5D6A890059514E /* City.swift */; };
		F6D4A6781E5D71EC0059514E /* AddCityViewController.swift in Sources */ = {isa = PBXBuildFile; fileRef = F6D4A6771E5D71EC0059514E /* AddCityViewController.swift */; };
/* End PBXBuildFile section */

/* Begin PBXContainerItemProxy section */
		F6BBF1A61E5CD2A80060C186 /* PBXContainerItemProxy */ = {
			isa = PBXContainerItemProxy;
			containerPortal = F6BBF1841E5CD2A80060C186 /* Project object */;
			proxyType = 1;
			remoteGlobalIDString = F6BBF18B1E5CD2A80060C186;
			remoteInfo = WeatherApp;
		};
/* End PBXContainerItemProxy section */

/* Begin PBXFileReference section */
		F6BBF18C1E5CD2A80060C186 /* WeatherApp.app */ = {isa = PBXFileReference; explicitFileType = wrapper.application; includeInIndex = 0; path = WeatherApp.app; sourceTree = BUILT_PRODUCTS_DIR; };
		F6BBF18F1E5CD2A80060C186 /* AppDelegate.swift */ = {isa = PBXFileReference; lastKnownFileType = sourcecode.swift; path = AppDelegate.swift; sourceTree = "<group>"; };
		F6BBF1991E5CD2A80060C186 /* Base */ = {isa = PBXFileReference; lastKnownFileType = file.storyboard; name = Base; path = Base.lproj/Main.storyboard; sourceTree = "<group>"; };
		F6BBF19B1E5CD2A80060C186 /* Assets.xcassets */ = {isa = PBXFileReference; lastKnownFileType = folder.assetcatalog; path = Assets.xcassets; sourceTree = "<group>"; };
		F6BBF19E1E5CD2A80060C186 /* Base */ = {isa = PBXFileReference; lastKnownFileType = file.storyboard; name = Base; path = Base.lproj/LaunchScreen.storyboard; sourceTree = "<group>"; };
		F6BBF1A01E5CD2A80060C186 /* Info.plist */ = {isa = PBXFileReference; lastKnownFileType = text.plist.xml; path = Info.plist; sourceTree = "<group>"; };
		F6BBF1A51E5CD2A80060C186 /* WeatherAppTests.xctest */ = {isa = PBXFileReference; explicitFileType = wrapper.cfbundle; includeInIndex = 0; path = WeatherAppTests.xctest; sourceTree = BUILT_PRODUCTS_DIR; };
		F6BBF1B71E5CD5F90060C186 /* WeatherService.swift */ = {isa = PBXFileReference; fileEncoding = 4; lastKnownFileType = sourcecode.swift; name = WeatherService.swift; path = "Weather Service/WeatherService.swift"; sourceTree = "<group>"; };
		F6BBF1B91E5CE1F70060C186 /* WeatherViewController.swift */ = {isa = PBXFileReference; fileEncoding = 4; lastKnownFileType = sourcecode.swift; path = WeatherViewController.swift; sourceTree = "<group>"; };
		F6D4A6731E5CEF360059514E /* WindData.swift */ = {isa = PBXFileReference; fileEncoding = 4; lastKnownFileType = sourcecode.swift; name = WindData.swift; path = "Weather Service/WindData.swift"; sourceTree = "<group>"; };
		F6D4A6751E5D6A890059514E /* City.swift */ = {isa = PBXFileReference; fileEncoding = 4; lastKnownFileType = sourcecode.swift; name = City.swift; path = "Weather Service/City.swift"; sourceTree = "<group>"; };
		F6D4A6771E5D71EC0059514E /* AddCityViewController.swift */ = {isa = PBXFileReference; fileEncoding = 4; lastKnownFileType = sourcecode.swift; path = AddCityViewController.swift; sourceTree = "<group>"; };
/* End PBXFileReference section */

/* Begin PBXFrameworksBuildPhase section */
		F6BBF1891E5CD2A80060C186 /* Frameworks */ = {
			isa = PBXFrameworksBuildPhase;
			buildActionMask = 2147483647;
			files = (
			);
			runOnlyForDeploymentPostprocessing = 0;
		};
		F6BBF1A21E5CD2A80060C186 /* Frameworks */ = {
			isa = PBXFrameworksBuildPhase;
			buildActionMask = 2147483647;
			files = (
			);
			runOnlyForDeploymentPostprocessing = 0;
		};
/* End PBXFrameworksBuildPhase section */

/* Begin PBXGroup section */
		F6BBF1831E5CD2A80060C186 = {
			isa = PBXGroup;
			children = (
				F6BBF18E1E5CD2A80060C186 /* WeatherApp */,
				F6BBF18D1E5CD2A80060C186 /* Products */,
			);
			sourceTree = "<group>";
		};
		F6BBF18D1E5CD2A80060C186 /* Products */ = {
			isa = PBXGroup;
			children = (
				F6BBF18C1E5CD2A80060C186 /* WeatherApp.app */,
				F6BBF1A51E5CD2A80060C186 /* WeatherAppTests.xctest */,
			);
			name = Products;
			sourceTree = "<group>";
		};
		F6BBF18E1E5CD2A80060C186 /* WeatherApp */ = {
			isa = PBXGroup;
			children = (
				F6BBF1B61E5CD5E40060C186 /* Weather Service */,
				F6BBF18F1E5CD2A80060C186 /* AppDelegate.swift */,
				F6BBF1981E5CD2A80060C186 /* Main.storyboard */,
				F6BBF19B1E5CD2A80060C186 /* Assets.xcassets */,
				F6BBF19D1E5CD2A80060C186 /* LaunchScreen.storyboard */,
				F6BBF1A01E5CD2A80060C186 /* Info.plist */,
				F6BBF1B91E5CE1F70060C186 /* WeatherViewController.swift */,
				F6D4A6771E5D71EC0059514E /* AddCityViewController.swift */,
			);
			path = WeatherApp;
			sourceTree = "<group>";
		};
		F6BBF1B61E5CD5E40060C186 /* Weather Service */ = {
			isa = PBXGroup;
			children = (
				F6BBF1B71E5CD5F90060C186 /* WeatherService.swift */,
				F6D4A6731E5CEF360059514E /* WindData.swift */,
				F6D4A6751E5D6A890059514E /* City.swift */,
			);
			name = "Weather Service";
			sourceTree = "<group>";
		};
/* End PBXGroup section */

/* Begin PBXNativeTarget section */
		F6BBF18B1E5CD2A80060C186 /* WeatherApp */ = {
			isa = PBXNativeTarget;
			buildConfigurationList = F6BBF1AE1E5CD2A80060C186 /* Build configuration list for PBXNativeTarget "WeatherApp" */;
			buildPhases = (
				F6BBF1881E5CD2A80060C186 /* Sources */,
				F6BBF1891E5CD2A80060C186 /* Frameworks */,
				F6BBF18A1E5CD2A80060C186 /* Resources */,
			);
			buildRules = (
			);
			dependencies = (
			);
			name = WeatherApp;
			productName = WeatherApp;
			productReference = F6BBF18C1E5CD2A80060C186 /* WeatherApp.app */;
			productType = "com.apple.product-type.application";
		};
		F6BBF1A41E5CD2A80060C186 /* WeatherAppTests */ = {
			isa = PBXNativeTarget;
			buildConfigurationList = F6BBF1B11E5CD2A80060C186 /* Build configuration list for PBXNativeTarget "WeatherAppTests" */;
			buildPhases = (
				F6BBF1A11E5CD2A80060C186 /* Sources */,
				F6BBF1A21E5CD2A80060C186 /* Frameworks */,
				F6BBF1A31E5CD2A80060C186 /* Resources */,
			);
			buildRules = (
			);
			dependencies = (
				F6BBF1A71E5CD2A80060C186 /* PBXTargetDependency */,
			);
			name = WeatherAppTests;
			productName = WeatherAppTests;
			productReference = F6BBF1A51E5CD2A80060C186 /* WeatherAppTests.xctest */;
			productType = "com.apple.product-type.bundle.unit-test";
		};
/* End PBXNativeTarget section */

/* Begin PBXProject section */
		F6BBF1841E5CD2A80060C186 /* Project object */ = {
			isa = PBXProject;
			attributes = {
				LastSwiftUpdateCheck = 0820;
				LastUpgradeCheck = 0820;
				ORGANIZATIONNAME = "Oliver Foggin";
				TargetAttributes = {
					F6BBF18B1E5CD2A80060C186 = {
						CreatedOnToolsVersion = 8.2.1;
						ProvisioningStyle = Automatic;
					};
					F6BBF1A41E5CD2A80060C186 = {
						CreatedOnToolsVersion = 8.2.1;
						ProvisioningStyle = Automatic;
						TestTargetID = F6BBF18B1E5CD2A80060C186;
					};
				};
			};
			buildConfigurationList = F6BBF1871E5CD2A80060C186 /* Build configuration list for PBXProject "WeatherApp" */;
			compatibilityVersion = "Xcode 3.2";
			developmentRegion = English;
			hasScannedForEncodings = 0;
			knownRegions = (
				en,
				Base,
			);
			mainGroup = F6BBF1831E5CD2A80060C186;
			productRefGroup = F6BBF18D1E5CD2A80060C186 /* Products */;
			projectDirPath = "";
			projectRoot = "";
			targets = (
				F6BBF18B1E5CD2A80060C186 /* WeatherApp */,
				F6BBF1A41E5CD2A80060C186 /* WeatherAppTests */,
			);
		};
/* End PBXProject section */

/* Begin PBXResourcesBuildPhase section */
		F6BBF18A1E5CD2A80060C186 /* Resources */ = {
			isa = PBXResourcesBuildPhase;
			buildActionMask = 2147483647;
			files = (
				F6BBF19F1E5CD2A80060C186 /* LaunchScreen.storyboard in Resources */,
				F6BBF19C1E5CD2A80060C186 /* Assets.xcassets in Resources */,
				F6BBF19A1E5CD2A80060C186 /* Main.storyboard in Resources */,
			);
			runOnlyForDeploymentPostprocessing = 0;
		};
		F6BBF1A31E5CD2A80060C186 /* Resources */ = {
			isa = PBXResourcesBuildPhase;
			buildActionMask = 2147483647;
			files = (
			);
			runOnlyForDeploymentPostprocessing = 0;
		};
/* End PBXResourcesBuildPhase section */

/* Begin PBXSourcesBuildPhase section */
		F6BBF1881E5CD2A80060C186 /* Sources */ = {
			isa = PBXSourcesBuildPhase;
			buildActionMask = 2147483647;
			files = (
				F6BBF1B81E5CD5F90060C186 /* WeatherService.swift in Sources */,
				F6D4A6781E5D71EC0059514E /* AddCityViewController.swift in Sources */,
				F6D4A6761E5D6A890059514E /* City.swift in Sources */,
				F6D4A6741E5CEF360059514E /* WindData.swift in Sources */,
				F6BBF1BA1E5CE1F70060C186 /* WeatherViewController.swift in Sources */,
				F6BBF1901E5CD2A80060C186 /* AppDelegate.swift in Sources */,
			);
			runOnlyForDeploymentPostprocessing = 0;
		};
		F6BBF1A11E5CD2A80060C186 /* Sources */ = {
			isa = PBXSourcesBuildPhase;
			buildActionMask = 2147483647;
			files = (
			);
			runOnlyForDeploymentPostprocessing = 0;
		};
/* End PBXSourcesBuildPhase section */

/* Begin PBXTargetDependency section */
		F6BBF1A71E5CD2A80060C186 /* PBXTargetDependency */ = {
			isa = PBXTargetDependency;
			target = F6BBF18B1E5CD2A80060C186 /* WeatherApp */;
			targetProxy = F6BBF1A61E5CD2A80060C186 /* PBXContainerItemProxy */;
		};
/* End PBXTargetDependency section */

/* Begin PBXVariantGroup section */
		F6BBF1981E5CD2A80060C186 /* Main.storyboard */ = {
			isa = PBXVariantGroup;
			children = (
				F6BBF1991E5CD2A80060C186 /* Base */,
			);
			name = Main.storyboard;
			sourceTree = "<group>";
		};
		F6BBF19D1E5CD2A80060C186 /* LaunchScreen.storyboard */ = {
			isa = PBXVariantGroup;
			children = (
				F6BBF19E1E5CD2A80060C186 /* Base */,
			);
			name = LaunchScreen.storyboard;
			sourceTree = "<group>";
		};
/* End PBXVariantGroup section */

/* Begin XCBuildConfiguration section */
		F6BBF1AC1E5CD2A80060C186 /* Debug */ = {
			isa = XCBuildConfiguration;
			buildSettings = {
				ALWAYS_SEARCH_USER_PATHS = NO;
				CLANG_ANALYZER_NONNULL = YES;
				CLANG_CXX_LANGUAGE_STANDARD = "gnu++0x";
				CLANG_CXX_LIBRARY = "libc++";
				CLANG_ENABLE_MODULES = YES;
				CLANG_ENABLE_OBJC_ARC = YES;
				CLANG_WARN_BOOL_CONVERSION = YES;
				CLANG_WARN_CONSTANT_CONVERSION = YES;
				CLANG_WARN_DIRECT_OBJC_ISA_USAGE = YES_ERROR;
				CLANG_WARN_DOCUMENTATION_COMMENTS = YES;
				CLANG_WARN_EMPTY_BODY = YES;
				CLANG_WARN_ENUM_CONVERSION = YES;
				CLANG_WARN_INFINITE_RECURSION = YES;
				CLANG_WARN_INT_CONVERSION = YES;
				CLANG_WARN_OBJC_ROOT_CLASS = YES_ERROR;
				CLANG_WARN_SUSPICIOUS_MOVE = YES;
				CLANG_WARN_UNREACHABLE_CODE = YES;
				CLANG_WARN__DUPLICATE_METHOD_MATCH = YES;
				"CODE_SIGN_IDENTITY[sdk=iphoneos*]" = "iPhone Developer";
				COPY_PHASE_STRIP = NO;
				DEBUG_INFORMATION_FORMAT = dwarf;
				ENABLE_STRICT_OBJC_MSGSEND = YES;
				ENABLE_TESTABILITY = YES;
				GCC_C_LANGUAGE_STANDARD = gnu99;
				GCC_DYNAMIC_NO_PIC = NO;
				GCC_NO_COMMON_BLOCKS = YES;
				GCC_OPTIMIZATION_LEVEL = 0;
				GCC_PREPROCESSOR_DEFINITIONS = (
					"DEBUG=1",
					"$(inherited)",
				);
				GCC_WARN_64_TO_32_BIT_CONVERSION = YES;
				GCC_WARN_ABOUT_RETURN_TYPE = YES_ERROR;
				GCC_WARN_UNDECLARED_SELECTOR = YES;
				GCC_WARN_UNINITIALIZED_AUTOS = YES_AGGRESSIVE;
				GCC_WARN_UNUSED_FUNCTION = YES;
				GCC_WARN_UNUSED_VARIABLE = YES;
				IPHONEOS_DEPLOYMENT_TARGET = 10.2;
				MTL_ENABLE_DEBUG_INFO = YES;
				ONLY_ACTIVE_ARCH = YES;
				SDKROOT = iphoneos;
				SWIFT_ACTIVE_COMPILATION_CONDITIONS = DEBUG;
				SWIFT_OPTIMIZATION_LEVEL = "-Onone";
				TARGETED_DEVICE_FAMILY = "1,2";
			};
			name = Debug;
		};
		F6BBF1AD1E5CD2A80060C186 /* Release */ = {
			isa = XCBuildConfiguration;
			buildSettings = {
				ALWAYS_SEARCH_USER_PATHS = NO;
				CLANG_ANALYZER_NONNULL = YES;
				CLANG_CXX_LANGUAGE_STANDARD = "gnu++0x";
				CLANG_CXX_LIBRARY = "libc++";
				CLANG_ENABLE_MODULES = YES;
				CLANG_ENABLE_OBJC_ARC = YES;
				CLANG_WARN_BOOL_CONVERSION = YES;
				CLANG_WARN_CONSTANT_CONVERSION = YES;
				CLANG_WARN_DIRECT_OBJC_ISA_USAGE = YES_ERROR;
				CLANG_WARN_DOCUMENTATION_COMMENTS = YES;
				CLANG_WARN_EMPTY_BODY = YES;
				CLANG_WARN_ENUM_CONVERSION = YES;
				CLANG_WARN_INFINITE_RECURSION = YES;
				CLANG_WARN_INT_CONVERSION = YES;
				CLANG_WARN_OBJC_ROOT_CLASS = YES_ERROR;
				CLANG_WARN_SUSPICIOUS_MOVE = YES;
				CLANG_WARN_UNREACHABLE_CODE = YES;
				CLANG_WARN__DUPLICATE_METHOD_MATCH = YES;
				"CODE_SIGN_IDENTITY[sdk=iphoneos*]" = "iPhone Developer";
				COPY_PHASE_STRIP = NO;
				DEBUG_INFORMATION_FORMAT = "dwarf-with-dsym";
				ENABLE_NS_ASSERTIONS = NO;
				ENABLE_STRICT_OBJC_MSGSEND = YES;
				GCC_C_LANGUAGE_STANDARD = gnu99;
				GCC_NO_COMMON_BLOCKS = YES;
				GCC_WARN_64_TO_32_BIT_CONVERSION = YES;
				GCC_WARN_ABOUT_RETURN_TYPE = YES_ERROR;
				GCC_WARN_UNDECLARED_SELECTOR = YES;
				GCC_WARN_UNINITIALIZED_AUTOS = YES_AGGRESSIVE;
				GCC_WARN_UNUSED_FUNCTION = YES;
				GCC_WARN_UNUSED_VARIABLE = YES;
				IPHONEOS_DEPLOYMENT_TARGET = 10.2;
				MTL_ENABLE_DEBUG_INFO = NO;
				SDKROOT = iphoneos;
				SWIFT_OPTIMIZATION_LEVEL = "-Owholemodule";
				TARGETED_DEVICE_FAMILY = "1,2";
				VALIDATE_PRODUCT = YES;
			};
			name = Release;
		};
		F6BBF1AF1E5CD2A80060C186 /* Debug */ = {
			isa = XCBuildConfiguration;
			buildSettings = {
				ASSETCATALOG_COMPILER_APPICON_NAME = AppIcon;
				INFOPLIST_FILE = WeatherApp/Info.plist;
				LD_RUNPATH_SEARCH_PATHS = "$(inherited) @executable_path/Frameworks";
				PRODUCT_BUNDLE_IDENTIFIER = com.oliverfoggin.WeatherApp;
				PRODUCT_NAME = "$(TARGET_NAME)";
				SWIFT_VERSION = 3.0;
			};
			name = Debug;
		};
		F6BBF1B01E5CD2A80060C186 /* Release */ = {
			isa = XCBuildConfiguration;
			buildSettings = {
				ASSETCATALOG_COMPILER_APPICON_NAME = AppIcon;
				INFOPLIST_FILE = WeatherApp/Info.plist;
				LD_RUNPATH_SEARCH_PATHS = "$(inherited) @executable_path/Frameworks";
				PRODUCT_BUNDLE_IDENTIFIER = com.oliverfoggin.WeatherApp;
				PRODUCT_NAME = "$(TARGET_NAME)";
				SWIFT_VERSION = 3.0;
			};
			name = Release;
		};
		F6BBF1B21E5CD2A80060C186 /* Debug */ = {
			isa = XCBuildConfiguration;
			buildSettings = {
				ALWAYS_EMBED_SWIFT_STANDARD_LIBRARIES = YES;
				BUNDLE_LOADER = "$(TEST_HOST)";
				INFOPLIST_FILE = WeatherAppTests/Info.plist;
				LD_RUNPATH_SEARCH_PATHS = "$(inherited) @executable_path/Frameworks @loader_path/Frameworks";
				PRODUCT_BUNDLE_IDENTIFIER = com.oliverfoggin.WeatherAppTests;
				PRODUCT_NAME = "$(TARGET_NAME)";
				SWIFT_VERSION = 3.0;
				TEST_HOST = "$(BUILT_PRODUCTS_DIR)/WeatherApp.app/WeatherApp";
			};
			name = Debug;
		};
		F6BBF1B31E5CD2A80060C186 /* Release */ = {
			isa = XCBuildConfiguration;
			buildSettings = {
				ALWAYS_EMBED_SWIFT_STANDARD_LIBRARIES = YES;
				BUNDLE_LOADER = "$(TEST_HOST)";
				INFOPLIST_FILE = WeatherAppTests/Info.plist;
				LD_RUNPATH_SEARCH_PATHS = "$(inherited) @executable_path/Frameworks @loader_path/Frameworks";
				PRODUCT_BUNDLE_IDENTIFIER = com.oliverfoggin.WeatherAppTests;
				PRODUCT_NAME = "$(TARGET_NAME)";
				SWIFT_VERSION = 3.0;
				TEST_HOST = "$(BUILT_PRODUCTS_DIR)/WeatherApp.app/WeatherApp";
			};
			name = Release;
		};
/* End XCBuildConfiguration section */

/* Begin XCConfigurationList section */
		F6BBF1871E5CD2A80060C186 /* Build configuration list for PBXProject "WeatherApp" */ = {
			isa = XCConfigurationList;
			buildConfigurations = (
				F6BBF1AC1E5CD2A80060C186 /* Debug */,
				F6BBF1AD1E5CD2A80060C186 /* Release */,
			);
			defaultConfigurationIsVisible = 0;
			defaultConfigurationName = Release;
		};
		F6BBF1AE1E5CD2A80060C186 /* Build configuration list for PBXNativeTarget "WeatherApp" */ = {
			isa = XCConfigurationList;
			buildConfigurations = (
				F6BBF1AF1E5CD2A80060C186 /* Debug */,
				F6BBF1B01E5CD2A80060C186 /* Release */,
			);
			defaultConfigurationIsVisible = 0;
			defaultConfigurationName = Release;
		};
		F6BBF1B11E5CD2A80060C186 /* Build configuration list for PBXNativeTarget "WeatherAppTests" */ = {
			isa = XCConfigurationList;
			buildConfigurations = (
				F6BBF1B21E5CD2A80060C186 /* Debug */,
				F6BBF1B31E5CD2A80060C186 /* Release */,
			);
			defaultConfigurationIsVisible = 0;
			defaultConfigurationName = Release;
		};
/* End XCConfigurationList section */
	};
	rootObject = F6BBF1841E5CD2A80060C186 /* Project object */;
}
